
Microsoft Visual Studio Solution File, Format Version 12.00
# Visual Studio 15
VisualStudioVersion = 15.0.27703.2047
MinimumVisualStudioVersion = 10.0.40219.1
Project("{FAE04EC0-301F-11D3-BF4B-00C04F79EFBC}") = "WPFVideoPLAYER", "WPFVideoPLAYER\WPFVideoPLAYER.csproj", "{FFE08CBA-4CC2-4921-AD41-F438FF0647F2}"
EndProject
Global
	GlobalSection(SolutionConfigurationPlatforms) = preSolution
		Debug|Any CPU = Debug|Any CPU
		Release|Any CPU = Release|Any CPU
	EndGlobalSection
	GlobalSection(ProjectConfigurationPlatforms) = postSolution
		{FFE08CBA-4CC2-4921-AD41-F438FF0647F2}.Debug|Any CPU.ActiveCfg = Debug|Any CPU
		{FFE08CBA-4CC2-4921-AD41-F438FF0647F2}.Debug|Any CPU.Build.0 = Debug|Any CPU
		{FFE08CBA-4CC2-4921-AD41-F438FF0647F2}.Release|Any CPU.ActiveCfg = Release|Any CPU
		{FFE08CBA-4CC2-4921-AD41-F438FF0647F2}.Release|Any CPU.Build.0 = Release|Any CPU
	EndGlobalSection
	GlobalSection(SolutionProperties) = preSolution
		HideSolutionNode = FALSE
	EndGlobalSection
	GlobalSection(ExtensibilityGlobals) = postSolution
		SolutionGuid = {05C7FE9A-7A58-438C-9B3D-CCBA7E49A476}
	EndGlobalSection
EndGlobal
